Microsoft Visual Studio Solution File, Format Version 12.00
# Visual Studio Version 17
VisualStudioVersion = 17.14.36401.2 d17.14
MinimumVisualStudioVersion = 10.0.40219.1
Project("{FAE04EC0-301F-11D3-BF4B-00C04F79EFBC}") = "StashManagement.AppHost", "StashManagement.AppHost\StashManagement.AppHost.csproj", "{C883D14C-2A83-4857-AAD2-DE76BCD2266A}"
EndProject
Project("{FAE04EC0-301F-11D3-BF4B-00C04F79EFBC}") = "StashManagement.ServiceDefaults", "StashManagement.ServiceDefaults\StashManagement.ServiceDefaults.csproj", "{EAE79FAC-AF34-5491-3546-A6A17B642D69}"
EndProject
Project("{FAE04EC0-301F-11D3-BF4B-00C04F79EFBC}") = "StashManagement.API", "StashManagement.API\StashManagement.API.csproj", "{E4E67C51-E7B9-B88F-47B5-8A9F0001F8D3}"
EndProject
Project("{54A90642-561A-4BB1-A94E-469ADEE60C69}") = "stash-management", "stash-management\stash-management.esproj", "{467EAD7E-CA79-6114-8AEA-15754A8C09B3}"
EndProject
Global
	GlobalSection(SolutionConfigurationPlatforms) = preSolution
		Debug|Any CPU = Debug|Any CPU
		Release|Any CPU = Release|Any CPU
	EndGlobalSection
	GlobalSection(ProjectConfigurationPlatforms) = postSolution
		{C883D14C-2A83-4857-AAD2-DE76BCD2266A}.Debug|Any CPU.ActiveCfg = Debug|Any CPU
		{C883D14C-2A83-4857-AAD2-DE76BCD2266A}.Debug|Any CPU.Build.0 = Debug|Any CPU
		{C883D14C-2A83-4857-AAD2-DE76BCD2266A}.Release|Any CPU.ActiveCfg = Release|Any CPU
		{C883D14C-2A83-4857-AAD2-DE76BCD2266A}.Release|Any CPU.Build.0 = Release|Any CPU
		{EAE79FAC-AF34-5491-3546-A6A17B642D69}.Debug|Any CPU.ActiveCfg = Debug|Any CPU
		{EAE79FAC-AF34-5491-3546-A6A17B642D69}.Debug|Any CPU.Build.0 = Debug|Any CPU
		{EAE79FAC-AF34-5491-3546-A6A17B642D69}.Release|Any CPU.ActiveCfg = Release|Any CPU
		{EAE79FAC-AF34-5491-3546-A6A17B642D69}.Release|Any CPU.Build.0 = Release|Any CPU
		{E4E67C51-E7B9-B88F-47B5-8A9F0001F8D3}.Debug|Any CPU.ActiveCfg = Debug|Any CPU
		{E4E67C51-E7B9-B88F-47B5-8A9F0001F8D3}.Debug|Any CPU.Build.0 = Debug|Any CPU
		{E4E67C51-E7B9-B88F-47B5-8A9F0001F8D3}.Release|Any CPU.ActiveCfg = Release|Any CPU
		{E4E67C51-E7B9-B88F-47B5-8A9F0001F8D3}.Release|Any CPU.Build.0 = Release|Any CPU
		{467EAD7E-CA79-6114-8AEA-15754A8C09B3}.Debug|Any CPU.ActiveCfg = Debug|Any CPU
		{467EAD7E-CA79-6114-8AEA-15754A8C09B3}.Debug|Any CPU.Build.0 = Debug|Any CPU
		{467EAD7E-CA79-6114-8AEA-15754A8C09B3}.Debug|Any CPU.Deploy.0 = Debug|Any CPU
		{467EAD7E-CA79-6114-8AEA-15754A8C09B3}.Release|Any CPU.ActiveCfg = Release|Any CPU
		{467EAD7E-CA79-6114-8AEA-15754A8C09B3}.Release|Any CPU.Build.0 = Release|Any CPU
		{467EAD7E-CA79-6114-8AEA-15754A8C09B3}.Release|Any CPU.Deploy.0 = Release|Any CPU
	EndGlobalSection
	GlobalSection(SolutionProperties) = preSolution
		HideSolutionNode = FALSE
	EndGlobalSection
	GlobalSection(ExtensibilityGlobals) = postSolution
		SolutionGuid = {2317DE74-6301-4493-92CF-F6786AEBECBF}
	EndGlobalSection
EndGlobal
